
Microsoft Visual Studio Solution File, Format Version 12.00
# Visual Studio 15
VisualStudioVersion = 15.0.28307.902
MinimumVisualStudioVersion = 10.0.40219.1
Project("{FAE04EC0-301F-11D3-BF4B-00C04F79EFBC}") = "Hackathon", "Hackathon\Hackathon.csproj", "{B8F8B9DA-3411-46CC-986F-5E719A82E915}"
EndProject
Global
	GlobalSection(SolutionConfigurationPlatforms) = preSolution
		Debug|Any CPU = Debug|Any CPU
		Release|Any CPU = Release|Any CPU
	EndGlobalSection
	GlobalSection(ProjectConfigurationPlatforms) = postSolution
		{B8F8B9DA-3411-46CC-986F-5E719A82E915}.Debug|Any CPU.ActiveCfg = Debug|Any CPU
		{B8F8B9DA-3411-46CC-986F-5E719A82E915}.Debug|Any CPU.Build.0 = Debug|Any CPU
		{B8F8B9DA-3411-46CC-986F-5E719A82E915}.Release|Any CPU.ActiveCfg = Release|Any CPU
		{B8F8B9DA-3411-46CC-986F-5E719A82E915}.Release|Any CPU.Build.0 = Release|Any CPU
	EndGlobalSection
	GlobalSection(SolutionProperties) = preSolution
		HideSolutionNode = FALSE
	EndGlobalSection
	GlobalSection(ExtensibilityGlobals) = postSolution
		SolutionGuid = {C54154AC-6E6E-4D5B-A288-9702162045B9}
	EndGlobalSection
EndGlobal
